
Microsoft Visual Studio Solution File, Format Version 12.00
# Visual Studio 14
VisualStudioVersion = 14.0.25420.1
MinimumVisualStudioVersion = 10.0.40219.1
Project("{FAE04EC0-301F-11D3-BF4B-00C04F79EFBC}") = "IntranetMobile.Core", "IntranetMobile.Core\IntranetMobile.Core.csproj", "{75BE6197-550D-4688-BE97-33788A8B2077}"
EndProject
Project("{FAE04EC0-301F-11D3-BF4B-00C04F79EFBC}") = "IntranetMobile.Droid", "IntranetMobile.Droid\IntranetMobile.Droid.csproj", "{1C1BC17E-6933-4B2E-AD6F-15C28954806F}"
EndProject
Project("{FAE04EC0-301F-11D3-BF4B-00C04F79EFBC}") = "IntranetMobile.Touch", "IntranetMobile.Touch\IntranetMobile.Touch.csproj", "{474099F7-8658-4E2C-9377-817815FB176D}"
EndProject
Project("{2150E333-8FDC-42A3-9474-1A3956D46DE8}") = ".nuget", ".nuget", "{0A2BD8DA-8C1F-4F49-8470-9F2A3E8133E3}"
	ProjectSection(SolutionItems) = preProject
		.nuget\NuGet.Config = .nuget\NuGet.Config
		.nuget\NuGet.exe = .nuget\NuGet.exe
		.nuget\NuGet.targets = .nuget\NuGet.targets
	EndProjectSection
EndProject
Project("{FAE04EC0-301F-11D3-BF4B-00C04F79EFBC}") = "Intranet.WindowsUWP", "Intranet.Windows\Intranet.WindowsUWP.csproj", "{49C8FE6C-9872-44DF-A0AB-F111437E6ED6}"
EndProject
Global
	GlobalSection(SolutionConfigurationPlatforms) = preSolution
		Ad-Hoc|Any CPU = Ad-Hoc|Any CPU
		Ad-Hoc|ARM = Ad-Hoc|ARM
		Ad-Hoc|iPhone = Ad-Hoc|iPhone
		Ad-Hoc|iPhoneSimulator = Ad-Hoc|iPhoneSimulator
		Ad-Hoc|Mixed Platforms = Ad-Hoc|Mixed Platforms
		Ad-Hoc|x64 = Ad-Hoc|x64
		Ad-Hoc|x86 = Ad-Hoc|x86
		AppStore|Any CPU = AppStore|Any CPU
		AppStore|ARM = AppStore|ARM
		AppStore|iPhone = AppStore|iPhone
		AppStore|iPhoneSimulator = AppStore|iPhoneSimulator
		AppStore|Mixed Platforms = AppStore|Mixed Platforms
		AppStore|x64 = AppStore|x64
		AppStore|x86 = AppStore|x86
		Debug|Any CPU = Debug|Any CPU
		Debug|ARM = Debug|ARM
		Debug|iPhone = Debug|iPhone
		Debug|iPhoneSimulator = Debug|iPhoneSimulator
		Debug|Mixed Platforms = Debug|Mixed Platforms
		Debug|x64 = Debug|x64
		Debug|x86 = Debug|x86
		Release|Any CPU = Release|Any CPU
		Release|ARM = Release|ARM
		Release|iPhone = Release|iPhone
		Release|iPhoneSimulator = Release|iPhoneSimulator
		Release|Mixed Platforms = Release|Mixed Platforms
		Release|x64 = Release|x64
		Release|x86 = Release|x86
	EndGlobalSection
	GlobalSection(ProjectConfigurationPlatforms) = postSolution
		{75BE6197-550D-4688-BE97-33788A8B2077}.Ad-Hoc|Any CPU.ActiveCfg = Release|Any CPU
		{75BE6197-550D-4688-BE97-33788A8B2077}.Ad-Hoc|Any CPU.Build.0 = Release|Any CPU
		{75BE6197-550D-4688-BE97-33788A8B2077}.Ad-Hoc|ARM.ActiveCfg = Debug|Any CPU
		{75BE6197-550D-4688-BE97-33788A8B2077}.Ad-Hoc|iPhone.ActiveCfg = Release|Any CPU
		{75BE6197-550D-4688-BE97-33788A8B2077}.Ad-Hoc|iPhoneSimulator.ActiveCfg = Release|Any CPU
		{75BE6197-550D-4688-BE97-33788A8B2077}.Ad-Hoc|Mixed Platforms.ActiveCfg = Release|Any CPU
		{75BE6197-550D-4688-BE97-33788A8B2077}.Ad-Hoc|Mixed Platforms.Build.0 = Release|Any CPU
		{75BE6197-550D-4688-BE97-33788A8B2077}.Ad-Hoc|x64.ActiveCfg = Debug|Any CPU
		{75BE6197-550D-4688-BE97-33788A8B2077}.Ad-Hoc|x86.ActiveCfg = Debug|Any CPU
		{75BE6197-550D-4688-BE97-33788A8B2077}.AppStore|Any CPU.ActiveCfg = Release|Any CPU
		{75BE6197-550D-4688-BE97-33788A8B2077}.AppStore|Any CPU.Build.0 = Release|Any CPU
		{75BE6197-550D-4688-BE97-33788A8B2077}.AppStore|ARM.ActiveCfg = Debug|Any CPU
		{75BE6197-550D-4688-BE97-33788A8B2077}.AppStore|iPhone.ActiveCfg = Release|Any CPU
		{75BE6197-550D-4688-BE97-33788A8B2077}.AppStore|iPhoneSimulator.ActiveCfg = Release|Any CPU
		{75BE6197-550D-4688-BE97-33788A8B2077}.AppStore|Mixed Platforms.ActiveCfg = Release|Any CPU
		{75BE6197-550D-4688-BE97-33788A8B2077}.AppStore|Mixed Platforms.Build.0 = Release|Any CPU
		{75BE6197-550D-4688-BE97-33788A8B2077}.AppStore|x64.ActiveCfg = Debug|Any CPU
		{75BE6197-550D-4688-BE97-33788A8B2077}.AppStore|x86.ActiveCfg = Debug|Any CPU
		{75BE6197-550D-4688-BE97-33788A8B2077}.Debug|Any CPU.ActiveCfg = Debug|Any CPU
		{75BE6197-550D-4688-BE97-33788A8B2077}.Debug|Any CPU.Build.0 = Debug|Any CPU
		{75BE6197-550D-4688-BE97-33788A8B2077}.Debug|ARM.ActiveCfg = Debug|Any CPU
		{75BE6197-550D-4688-BE97-33788A8B2077}.Debug|iPhone.ActiveCfg = Debug|Any CPU
		{75BE6197-550D-4688-BE97-33788A8B2077}.Debug|iPhoneSimulator.ActiveCfg = Debug|Any CPU
		{75BE6197-550D-4688-BE97-33788A8B2077}.Debug|Mixed Platforms.ActiveCfg = Debug|Any CPU
		{75BE6197-550D-4688-BE97-33788A8B2077}.Debug|Mixed Platforms.Build.0 = Debug|Any CPU
		{75BE6197-550D-4688-BE97-33788A8B2077}.Debug|x64.ActiveCfg = Debug|Any CPU
		{75BE6197-550D-4688-BE97-33788A8B2077}.Debug|x86.ActiveCfg = Debug|Any CPU
		{75BE6197-550D-4688-BE97-33788A8B2077}.Release|Any CPU.ActiveCfg = Release|Any CPU
		{75BE6197-550D-4688-BE97-33788A8B2077}.Release|Any CPU.Build.0 = Release|Any CPU
		{75BE6197-550D-4688-BE97-33788A8B2077}.Release|ARM.ActiveCfg = Release|Any CPU
		{75BE6197-550D-4688-BE97-33788A8B2077}.Release|iPhone.ActiveCfg = Release|Any CPU
		{75BE6197-550D-4688-BE97-33788A8B2077}.Release|iPhoneSimulator.ActiveCfg = Release|Any CPU
		{75BE6197-550D-4688-BE97-33788A8B2077}.Release|Mixed Platforms.ActiveCfg = Release|Any CPU
		{75BE6197-550D-4688-BE97-33788A8B2077}.Release|Mixed Platforms.Build.0 = Release|Any CPU
		{75BE6197-550D-4688-BE97-33788A8B2077}.Release|x64.ActiveCfg = Release|Any CPU
		{75BE6197-550D-4688-BE97-33788A8B2077}.Release|x86.ActiveCfg = Release|Any CPU
		{1C1BC17E-6933-4B2E-AD6F-15C28954806F}.Ad-Hoc|Any CPU.ActiveCfg = Release|Any CPU
		{1C1BC17E-6933-4B2E-AD6F-15C28954806F}.Ad-Hoc|Any CPU.Build.0 = Release|Any CPU
		{1C1BC17E-6933-4B2E-AD6F-15C28954806F}.Ad-Hoc|Any CPU.Deploy.0 = Release|Any CPU
		{1C1BC17E-6933-4B2E-AD6F-15C28954806F}.Ad-Hoc|ARM.ActiveCfg = Debug|Any CPU
		{1C1BC17E-6933-4B2E-AD6F-15C28954806F}.Ad-Hoc|iPhone.ActiveCfg = Release|Any CPU
		{1C1BC17E-6933-4B2E-AD6F-15C28954806F}.Ad-Hoc|iPhoneSimulator.ActiveCfg = Release|Any CPU
		{1C1BC17E-6933-4B2E-AD6F-15C28954806F}.Ad-Hoc|Mixed Platforms.ActiveCfg = Release|Any CPU
		{1C1BC17E-6933-4B2E-AD6F-15C28954806F}.Ad-Hoc|Mixed Platforms.Build.0 = Release|Any CPU
		{1C1BC17E-6933-4B2E-AD6F-15C28954806F}.Ad-Hoc|Mixed Platforms.Deploy.0 = Release|Any CPU
		{1C1BC17E-6933-4B2E-AD6F-15C28954806F}.Ad-Hoc|x64.ActiveCfg = Debug|Any CPU
		{1C1BC17E-6933-4B2E-AD6F-15C28954806F}.Ad-Hoc|x86.ActiveCfg = Debug|Any CPU
		{1C1BC17E-6933-4B2E-AD6F-15C28954806F}.AppStore|Any CPU.ActiveCfg = Release|Any CPU
		{1C1BC17E-6933-4B2E-AD6F-15C28954806F}.AppStore|Any CPU.Build.0 = Release|Any CPU
		{1C1BC17E-6933-4B2E-AD6F-15C28954806F}.AppStore|Any CPU.Deploy.0 = Release|Any CPU
		{1C1BC17E-6933-4B2E-AD6F-15C28954806F}.AppStore|ARM.ActiveCfg = Debug|Any CPU
		{1C1BC17E-6933-4B2E-AD6F-15C28954806F}.AppStore|iPhone.ActiveCfg = Release|Any CPU
		{1C1BC17E-6933-4B2E-AD6F-15C28954806F}.AppStore|iPhoneSimulator.ActiveCfg = Release|Any CPU
		{1C1BC17E-6933-4B2E-AD6F-15C28954806F}.AppStore|Mixed Platforms.ActiveCfg = Release|Any CPU
		{1C1BC17E-6933-4B2E-AD6F-15C28954806F}.AppStore|Mixed Platforms.Build.0 = Release|Any CPU
		{1C1BC17E-6933-4B2E-AD6F-15C28954806F}.AppStore|Mixed Platforms.Deploy.0 = Release|Any CPU
		{1C1BC17E-6933-4B2E-AD6F-15C28954806F}.AppStore|x64.ActiveCfg = Debug|Any CPU
		{1C1BC17E-6933-4B2E-AD6F-15C28954806F}.AppStore|x86.ActiveCfg = Debug|Any CPU
		{1C1BC17E-6933-4B2E-AD6F-15C28954806F}.Debug|Any CPU.ActiveCfg = Debug|Any CPU
		{1C1BC17E-6933-4B2E-AD6F-15C28954806F}.Debug|Any CPU.Build.0 = Debug|Any CPU
		{1C1BC17E-6933-4B2E-AD6F-15C28954806F}.Debug|Any CPU.Deploy.0 = Debug|Any CPU
		{1C1BC17E-6933-4B2E-AD6F-15C28954806F}.Debug|ARM.ActiveCfg = Debug|Any CPU
		{1C1BC17E-6933-4B2E-AD6F-15C28954806F}.Debug|iPhone.ActiveCfg = Debug|Any CPU
		{1C1BC17E-6933-4B2E-AD6F-15C28954806F}.Debug|iPhoneSimulator.ActiveCfg = Debug|Any CPU
		{1C1BC17E-6933-4B2E-AD6F-15C28954806F}.Debug|Mixed Platforms.ActiveCfg = Debug|Any CPU
		{1C1BC17E-6933-4B2E-AD6F-15C28954806F}.Debug|Mixed Platforms.Build.0 = Debug|Any CPU
		{1C1BC17E-6933-4B2E-AD6F-15C28954806F}.Debug|Mixed Platforms.Deploy.0 = Debug|Any CPU
		{1C1BC17E-6933-4B2E-AD6F-15C28954806F}.Debug|x64.ActiveCfg = Debug|Any CPU
		{1C1BC17E-6933-4B2E-AD6F-15C28954806F}.Debug|x86.ActiveCfg = Debug|Any CPU
		{1C1BC17E-6933-4B2E-AD6F-15C28954806F}.Release|Any CPU.ActiveCfg = Release|Any CPU
		{1C1BC17E-6933-4B2E-AD6F-15C28954806F}.Release|Any CPU.Build.0 = Release|Any CPU
		{1C1BC17E-6933-4B2E-AD6F-15C28954806F}.Release|Any CPU.Deploy.0 = Release|Any CPU
		{1C1BC17E-6933-4B2E-AD6F-15C28954806F}.Release|ARM.ActiveCfg = Release|Any CPU
		{1C1BC17E-6933-4B2E-AD6F-15C28954806F}.Release|iPhone.ActiveCfg = Release|Any CPU
		{1C1BC17E-6933-4B2E-AD6F-15C28954806F}.Release|iPhoneSimulator.ActiveCfg = Release|Any CPU
		{1C1BC17E-6933-4B2E-AD6F-15C28954806F}.Release|Mixed Platforms.ActiveCfg = Release|Any CPU
		{1C1BC17E-6933-4B2E-AD6F-15C28954806F}.Release|Mixed Platforms.Build.0 = Release|Any CPU
		{1C1BC17E-6933-4B2E-AD6F-15C28954806F}.Release|Mixed Platforms.Deploy.0 = Release|Any CPU
		{1C1BC17E-6933-4B2E-AD6F-15C28954806F}.Release|x64.ActiveCfg = Release|Any CPU
		{1C1BC17E-6933-4B2E-AD6F-15C28954806F}.Release|x86.ActiveCfg = Release|Any CPU
		{474099F7-8658-4E2C-9377-817815FB176D}.Ad-Hoc|Any CPU.ActiveCfg = Ad-Hoc|iPhone
		{474099F7-8658-4E2C-9377-817815FB176D}.Ad-Hoc|ARM.ActiveCfg = Ad-Hoc|iPhoneSimulator
		{474099F7-8658-4E2C-9377-817815FB176D}.Ad-Hoc|iPhone.ActiveCfg = Ad-Hoc|iPhone
		{474099F7-8658-4E2C-9377-817815FB176D}.Ad-Hoc|iPhone.Build.0 = Ad-Hoc|iPhone
		{474099F7-8658-4E2C-9377-817815FB176D}.Ad-Hoc|iPhoneSimulator.ActiveCfg = Ad-Hoc|iPhoneSimulator
		{474099F7-8658-4E2C-9377-817815FB176D}.Ad-Hoc|iPhoneSimulator.Build.0 = Ad-Hoc|iPhoneSimulator
		{474099F7-8658-4E2C-9377-817815FB176D}.Ad-Hoc|Mixed Platforms.ActiveCfg = Ad-Hoc|iPhone
		{474099F7-8658-4E2C-9377-817815FB176D}.Ad-Hoc|Mixed Platforms.Build.0 = Ad-Hoc|iPhone
		{474099F7-8658-4E2C-9377-817815FB176D}.Ad-Hoc|x64.ActiveCfg = Ad-Hoc|iPhoneSimulator
		{474099F7-8658-4E2C-9377-817815FB176D}.Ad-Hoc|x86.ActiveCfg = Ad-Hoc|iPhoneSimulator
		{474099F7-8658-4E2C-9377-817815FB176D}.AppStore|Any CPU.ActiveCfg = AppStore|iPhone
		{474099F7-8658-4E2C-9377-817815FB176D}.AppStore|ARM.ActiveCfg = AppStore|iPhoneSimulator
		{474099F7-8658-4E2C-9377-817815FB176D}.AppStore|iPhone.ActiveCfg = AppStore|iPhone
		{474099F7-8658-4E2C-9377-817815FB176D}.AppStore|iPhone.Build.0 = AppStore|iPhone
		{474099F7-8658-4E2C-9377-817815FB176D}.AppStore|iPhoneSimulator.ActiveCfg = AppStore|iPhoneSimulator
		{474099F7-8658-4E2C-9377-817815FB176D}.AppStore|iPhoneSimulator.Build.0 = AppStore|iPhoneSimulator
		{474099F7-8658-4E2C-9377-817815FB176D}.AppStore|Mixed Platforms.ActiveCfg = AppStore|iPhone
		{474099F7-8658-4E2C-9377-817815FB176D}.AppStore|Mixed Platforms.Build.0 = AppStore|iPhone
		{474099F7-8658-4E2C-9377-817815FB176D}.AppStore|x64.ActiveCfg = AppStore|iPhoneSimulator
		{474099F7-8658-4E2C-9377-817815FB176D}.AppStore|x86.ActiveCfg = AppStore|iPhoneSimulator
		{474099F7-8658-4E2C-9377-817815FB176D}.Debug|Any CPU.ActiveCfg = Debug|iPhone
		{474099F7-8658-4E2C-9377-817815FB176D}.Debug|ARM.ActiveCfg = Debug|iPhoneSimulator
		{474099F7-8658-4E2C-9377-817815FB176D}.Debug|iPhone.ActiveCfg = Debug|iPhone
		{474099F7-8658-4E2C-9377-817815FB176D}.Debug|iPhone.Build.0 = Debug|iPhone
		{474099F7-8658-4E2C-9377-817815FB176D}.Debug|iPhoneSimulator.ActiveCfg = Debug|iPhoneSimulator
		{474099F7-8658-4E2C-9377-817815FB176D}.Debug|iPhoneSimulator.Build.0 = Debug|iPhoneSimulator
		{474099F7-8658-4E2C-9377-817815FB176D}.Debug|Mixed Platforms.ActiveCfg = Debug|iPhone
		{474099F7-8658-4E2C-9377-817815FB176D}.Debug|x64.ActiveCfg = Debug|iPhoneSimulator
		{474099F7-8658-4E2C-9377-817815FB176D}.Debug|x86.ActiveCfg = Debug|iPhoneSimulator
		{474099F7-8658-4E2C-9377-817815FB176D}.Release|Any CPU.ActiveCfg = Release|iPhone
		{474099F7-8658-4E2C-9377-817815FB176D}.Release|ARM.ActiveCfg = Release|iPhoneSimulator
		{474099F7-8658-4E2C-9377-817815FB176D}.Release|iPhone.ActiveCfg = Release|iPhone
		{474099F7-8658-4E2C-9377-817815FB176D}.Release|iPhone.Build.0 = Release|iPhone
		{474099F7-8658-4E2C-9377-817815FB176D}.Release|iPhoneSimulator.ActiveCfg = Release|iPhoneSimulator
		{474099F7-8658-4E2C-9377-817815FB176D}.Release|iPhoneSimulator.Build.0 = Release|iPhoneSimulator
		{474099F7-8658-4E2C-9377-817815FB176D}.Release|Mixed Platforms.ActiveCfg = Release|iPhone
		{474099F7-8658-4E2C-9377-817815FB176D}.Release|Mixed Platforms.Build.0 = Release|iPhone
		{474099F7-8658-4E2C-9377-817815FB176D}.Release|x64.ActiveCfg = Release|iPhoneSimulator
		{474099F7-8658-4E2C-9377-817815FB176D}.Release|x86.ActiveCfg = Release|iPhoneSimulator
		{49C8FE6C-9872-44DF-A0AB-F111437E6ED6}.Ad-Hoc|Any CPU.ActiveCfg = Release|x64
		{49C8FE6C-9872-44DF-A0AB-F111437E6ED6}.Ad-Hoc|Any CPU.Build.0 = Release|x64
		{49C8FE6C-9872-44DF-A0AB-F111437E6ED6}.Ad-Hoc|Any CPU.Deploy.0 = Release|x64
		{49C8FE6C-9872-44DF-A0AB-F111437E6ED6}.Ad-Hoc|ARM.ActiveCfg = Release|ARM
		{49C8FE6C-9872-44DF-A0AB-F111437E6ED6}.Ad-Hoc|ARM.Build.0 = Release|ARM
		{49C8FE6C-9872-44DF-A0AB-F111437E6ED6}.Ad-Hoc|ARM.Deploy.0 = Release|ARM
		{49C8FE6C-9872-44DF-A0AB-F111437E6ED6}.Ad-Hoc|iPhone.ActiveCfg = Release|x64
		{49C8FE6C-9872-44DF-A0AB-F111437E6ED6}.Ad-Hoc|iPhone.Build.0 = Release|x64
		{49C8FE6C-9872-44DF-A0AB-F111437E6ED6}.Ad-Hoc|iPhone.Deploy.0 = Release|x64
		{49C8FE6C-9872-44DF-A0AB-F111437E6ED6}.Ad-Hoc|iPhoneSimulator.ActiveCfg = Release|x64
		{49C8FE6C-9872-44DF-A0AB-F111437E6ED6}.Ad-Hoc|iPhoneSimulator.Build.0 = Release|x64
		{49C8FE6C-9872-44DF-A0AB-F111437E6ED6}.Ad-Hoc|iPhoneSimulator.Deploy.0 = Release|x64
		{49C8FE6C-9872-44DF-A0AB-F111437E6ED6}.Ad-Hoc|Mixed Platforms.ActiveCfg = Release|x86
		{49C8FE6C-9872-44DF-A0AB-F111437E6ED6}.Ad-Hoc|Mixed Platforms.Build.0 = Release|x86
		{49C8FE6C-9872-44DF-A0AB-F111437E6ED6}.Ad-Hoc|Mixed Platforms.Deploy.0 = Release|x86
		{49C8FE6C-9872-44DF-A0AB-F111437E6ED6}.Ad-Hoc|x64.ActiveCfg = Release|x64
		{49C8FE6C-9872-44DF-A0AB-F111437E6ED6}.Ad-Hoc|x64.Build.0 = Release|x64
		{49C8FE6C-9872-44DF-A0AB-F111437E6ED6}.Ad-Hoc|x64.Deploy.0 = Release|x64
		{49C8FE6C-9872-44DF-A0AB-F111437E6ED6}.Ad-Hoc|x86.ActiveCfg = Release|x86
		{49C8FE6C-9872-44DF-A0AB-F111437E6ED6}.Ad-Hoc|x86.Build.0 = Release|x86
		{49C8FE6C-9872-44DF-A0AB-F111437E6ED6}.Ad-Hoc|x86.Deploy.0 = Release|x86
		{49C8FE6C-9872-44DF-A0AB-F111437E6ED6}.AppStore|Any CPU.ActiveCfg = Release|x64
		{49C8FE6C-9872-44DF-A0AB-F111437E6ED6}.AppStore|Any CPU.Build.0 = Release|x64
		{49C8FE6C-9872-44DF-A0AB-F111437E6ED6}.AppStore|Any CPU.Deploy.0 = Release|x64
		{49C8FE6C-9872-44DF-A0AB-F111437E6ED6}.AppStore|ARM.ActiveCfg = Release|ARM
		{49C8FE6C-9872-44DF-A0AB-F111437E6ED6}.AppStore|ARM.Build.0 = Release|ARM
		{49C8FE6C-9872-44DF-A0AB-F111437E6ED6}.AppStore|ARM.Deploy.0 = Release|ARM
		{49C8FE6C-9872-44DF-A0AB-F111437E6ED6}.AppStore|iPhone.ActiveCfg = Release|x64
		{49C8FE6C-9872-44DF-A0AB-F111437E6ED6}.AppStore|iPhone.Build.0 = Release|x64
		{49C8FE6C-9872-44DF-A0AB-F111437E6ED6}.AppStore|iPhone.Deploy.0 = Release|x64
		{49C8FE6C-9872-44DF-A0AB-F111437E6ED6}.AppStore|iPhoneSimulator.ActiveCfg = Release|x64
		{49C8FE6C-9872-44DF-A0AB-F111437E6ED6}.AppStore|iPhoneSimulator.Build.0 = Release|x64
		{49C8FE6C-9872-44DF-A0AB-F111437E6ED6}.AppStore|iPhoneSimulator.Deploy.0 = Release|x64
		{49C8FE6C-9872-44DF-A0AB-F111437E6ED6}.AppStore|Mixed Platforms.ActiveCfg = Release|x86
		{49C8FE6C-9872-44DF-A0AB-F111437E6ED6}.AppStore|Mixed Platforms.Build.0 = Release|x86
		{49C8FE6C-9872-44DF-A0AB-F111437E6ED6}.AppStore|Mixed Platforms.Deploy.0 = Release|x86
		{49C8FE6C-9872-44DF-A0AB-F111437E6ED6}.AppStore|x64.ActiveCfg = Release|x64
		{49C8FE6C-9872-44DF-A0AB-F111437E6ED6}.AppStore|x64.Build.0 = Release|x64
		{49C8FE6C-9872-44DF-A0AB-F111437E6ED6}.AppStore|x64.Deploy.0 = Release|x64
		{49C8FE6C-9872-44DF-A0AB-F111437E6ED6}.AppStore|x86.ActiveCfg = Release|x86
		{49C8FE6C-9872-44DF-A0AB-F111437E6ED6}.AppStore|x86.Build.0 = Release|x86
		{49C8FE6C-9872-44DF-A0AB-F111437E6ED6}.AppStore|x86.Deploy.0 = Release|x86
		{49C8FE6C-9872-44DF-A0AB-F111437E6ED6}.Debug|Any CPU.ActiveCfg = Debug|x86
		{49C8FE6C-9872-44DF-A0AB-F111437E6ED6}.Debug|Any CPU.Build.0 = Debug|x86
		{49C8FE6C-9872-44DF-A0AB-F111437E6ED6}.Debug|Any CPU.Deploy.0 = Debug|x86
		{49C8FE6C-9872-44DF-A0AB-F111437E6ED6}.Debug|ARM.ActiveCfg = Debug|ARM
		{49C8FE6C-9872-44DF-A0AB-F111437E6ED6}.Debug|ARM.Build.0 = Debug|ARM
		{49C8FE6C-9872-44DF-A0AB-F111437E6ED6}.Debug|ARM.Deploy.0 = Debug|ARM
		{49C8FE6C-9872-44DF-A0AB-F111437E6ED6}.Debug|iPhone.ActiveCfg = Debug|x86
		{49C8FE6C-9872-44DF-A0AB-F111437E6ED6}.Debug|iPhoneSimulator.ActiveCfg = Debug|x86
		{49C8FE6C-9872-44DF-A0AB-F111437E6ED6}.Debug|Mixed Platforms.ActiveCfg = Debug|x86
		{49C8FE6C-9872-44DF-A0AB-F111437E6ED6}.Debug|Mixed Platforms.Build.0 = Debug|x86
		{49C8FE6C-9872-44DF-A0AB-F111437E6ED6}.Debug|Mixed Platforms.Deploy.0 = Debug|x86
		{49C8FE6C-9872-44DF-A0AB-F111437E6ED6}.Debug|x64.ActiveCfg = Debug|x64
		{49C8FE6C-9872-44DF-A0AB-F111437E6ED6}.Debug|x64.Build.0 = Debug|x64
		{49C8FE6C-9872-44DF-A0AB-F111437E6ED6}.Debug|x64.Deploy.0 = Debug|x64
		{49C8FE6C-9872-44DF-A0AB-F111437E6ED6}.Debug|x86.ActiveCfg = Debug|x86
		{49C8FE6C-9872-44DF-A0AB-F111437E6ED6}.Debug|x86.Build.0 = Debug|x86
		{49C8FE6C-9872-44DF-A0AB-F111437E6ED6}.Debug|x86.Deploy.0 = Debug|x86
		{49C8FE6C-9872-44DF-A0AB-F111437E6ED6}.Release|Any CPU.ActiveCfg = Release|x86
		{49C8FE6C-9872-44DF-A0AB-F111437E6ED6}.Release|ARM.ActiveCfg = Release|ARM
		{49C8FE6C-9872-44DF-A0AB-F111437E6ED6}.Release|ARM.Build.0 = Release|ARM
		{49C8FE6C-9872-44DF-A0AB-F111437E6ED6}.Release|ARM.Deploy.0 = Release|ARM
		{49C8FE6C-9872-44DF-A0AB-F111437E6ED6}.Release|iPhone.ActiveCfg = Release|x86
		{49C8FE6C-9872-44DF-A0AB-F111437E6ED6}.Release|iPhoneSimulator.ActiveCfg = Release|x86
		{49C8FE6C-9872-44DF-A0AB-F111437E6ED6}.Release|Mixed Platforms.ActiveCfg = Release|x86
		{49C8FE6C-9872-44DF-A0AB-F111437E6ED6}.Release|Mixed Platforms.Build.0 = Release|x86
		{49C8FE6C-9872-44DF-A0AB-F111437E6ED6}.Release|Mixed Platforms.Deploy.0 = Release|x86
		{49C8FE6C-9872-44DF-A0AB-F111437E6ED6}.Release|x64.ActiveCfg = Release|x64
		{49C8FE6C-9872-44DF-A0AB-F111437E6ED6}.Release|x64.Build.0 = Release|x64
		{49C8FE6C-9872-44DF-A0AB-F111437E6ED6}.Release|x64.Deploy.0 = Release|x64
		{49C8FE6C-9872-44DF-A0AB-F111437E6ED6}.Release|x86.ActiveCfg = Release|x86
		{49C8FE6C-9872-44DF-A0AB-F111437E6ED6}.Release|x86.Build.0 = Release|x86
		{49C8FE6C-9872-44DF-A0AB-F111437E6ED6}.Release|x86.Deploy.0 = Release|x86
	EndGlobalSection
	GlobalSection(SolutionProperties) = preSolution
		HideSolutionNode = FALSE
	EndGlobalSection
	GlobalSection(MonoDevelopProperties) = preSolution
		Policies = $0
		$0.TextStylePolicy = $1
		$1.FileWidth = 120
		$1.inheritsSet = VisualStudio
		$1.inheritsScope = text/plain
		$1.scope = text/x-csharp
		$0.CSharpFormattingPolicy = $2
		$2.IndentSwitchSection = True
		$2.NewLinesForBracesInProperties = True
		$2.NewLinesForBracesInAccessors = True
		$2.NewLinesForBracesInAnonymousMethods = True
		$2.NewLinesForBracesInControlBlocks = True
		$2.NewLinesForBracesInAnonymousTypes = True
		$2.NewLinesForBracesInObjectCollectionArrayInitializers = True
		$2.NewLinesForBracesInLambdaExpressionBody = True
		$2.NewLineForElse = True
		$2.NewLineForCatch = True
		$2.NewLineForFinally = True
		$2.NewLineForMembersInObjectInit = True
		$2.NewLineForMembersInAnonymousTypes = True
		$2.NewLineForClausesInQuery = True
		$2.SpacingAfterMethodDeclarationName = False
		$2.SpaceAfterMethodCallName = False
		$2.SpaceBeforeOpenSquareBracket = False
		$2.inheritsSet = Mono
		$2.inheritsScope = text/x-csharp
		$2.scope = text/x-csharp
		$0.StandardHeader = $3
		$3.Text = 
		$3.IncludeInNewFiles = True
	EndGlobalSection
EndGlobal
